
Microsoft Visual Studio Solution File, Format Version 12.00
# Visual Studio 14
VisualStudioVersion = 14.0.25420.1
MinimumVisualStudioVersion = 10.0.40219.1
Project("{FAE04EC0-301F-11D3-BF4B-00C04F79EFBC}") = "Iridium-Geo", "Iridium-Geo\Iridium-Geo.csproj", "{75F821BC-2086-4EBB-9ED4-2F7D1C0D3045}"
EndProject
Project("{FAE04EC0-301F-11D3-BF4B-00C04F79EFBC}") = "Iridium-Geo-Test", "Iridium-Geo-Test\Iridium-Geo-Test.csproj", "{629121B7-9533-4FD8-A68E-BACAFC50B0E6}"
EndProject
Global
	GlobalSection(SolutionConfigurationPlatforms) = preSolution
		Debug|Any CPU = Debug|Any CPU
		Release|Any CPU = Release|Any CPU
	EndGlobalSection
	GlobalSection(ProjectConfigurationPlatforms) = postSolution
		{75F821BC-2086-4EBB-9ED4-2F7D1C0D3045}.Debug|Any CPU.ActiveCfg = Debug|Any CPU
		{75F821BC-2086-4EBB-9ED4-2F7D1C0D3045}.Debug|Any CPU.Build.0 = Debug|Any CPU
		{75F821BC-2086-4EBB-9ED4-2F7D1C0D3045}.Release|Any CPU.ActiveCfg = Release|Any CPU
		{75F821BC-2086-4EBB-9ED4-2F7D1C0D3045}.Release|Any CPU.Build.0 = Release|Any CPU
		{629121B7-9533-4FD8-A68E-BACAFC50B0E6}.Debug|Any CPU.ActiveCfg = Debug|Any CPU
		{629121B7-9533-4FD8-A68E-BACAFC50B0E6}.Debug|Any CPU.Build.0 = Debug|Any CPU
		{629121B7-9533-4FD8-A68E-BACAFC50B0E6}.Release|Any CPU.ActiveCfg = Release|Any CPU
		{629121B7-9533-4FD8-A68E-BACAFC50B0E6}.Release|Any CPU.Build.0 = Release|Any CPU
	EndGlobalSection
	GlobalSection(SolutionProperties) = preSolution
		HideSolutionNode = FALSE
	EndGlobalSection
EndGlobal
