
Microsoft Visual Studio Solution File, Format Version 12.00
# Visual Studio 15
VisualStudioVersion = 15.0.27703.1
MinimumVisualStudioVersion = 10.0.40219.1
Project("{FAE04EC0-301F-11D3-BF4B-00C04F79EFBC}") = "Iridium-Geo-Test", "Iridium-Geo-Test\Iridium-Geo-Test.csproj", "{629121B7-9533-4FD8-A68E-BACAFC50B0E6}"
EndProject
Project("{FAE04EC0-301F-11D3-BF4B-00C04F79EFBC}") = "Iridium-Geo-Playground", "Iridium-Geo-Playground\Iridium-Geo-Playground.csproj", "{91BB2CA2-48B3-409F-8B4D-D3B19CDBAEE7}"
EndProject
Project("{FAE04EC0-301F-11D3-BF4B-00C04F79EFBC}") = "Iridium-Geo", "Iridium-Geo\Iridium-Geo.csproj", "{88CA68F6-24AF-4D76-9FE3-17ADFCE7CBC3}"
EndProject
Global
	GlobalSection(SolutionConfigurationPlatforms) = preSolution
		Debug|Any CPU = Debug|Any CPU
		Release|Any CPU = Release|Any CPU
	EndGlobalSection
	GlobalSection(ProjectConfigurationPlatforms) = postSolution
		{629121B7-9533-4FD8-A68E-BACAFC50B0E6}.Debug|Any CPU.ActiveCfg = Debug|Any CPU
		{629121B7-9533-4FD8-A68E-BACAFC50B0E6}.Debug|Any CPU.Build.0 = Debug|Any CPU
		{629121B7-9533-4FD8-A68E-BACAFC50B0E6}.Release|Any CPU.ActiveCfg = Release|Any CPU
		{629121B7-9533-4FD8-A68E-BACAFC50B0E6}.Release|Any CPU.Build.0 = Release|Any CPU
		{91BB2CA2-48B3-409F-8B4D-D3B19CDBAEE7}.Debug|Any CPU.ActiveCfg = Debug|Any CPU
		{91BB2CA2-48B3-409F-8B4D-D3B19CDBAEE7}.Debug|Any CPU.Build.0 = Debug|Any CPU
		{91BB2CA2-48B3-409F-8B4D-D3B19CDBAEE7}.Release|Any CPU.ActiveCfg = Release|Any CPU
		{91BB2CA2-48B3-409F-8B4D-D3B19CDBAEE7}.Release|Any CPU.Build.0 = Release|Any CPU
		{88CA68F6-24AF-4D76-9FE3-17ADFCE7CBC3}.Debug|Any CPU.ActiveCfg = Debug|Any CPU
		{88CA68F6-24AF-4D76-9FE3-17ADFCE7CBC3}.Debug|Any CPU.Build.0 = Debug|Any CPU
		{88CA68F6-24AF-4D76-9FE3-17ADFCE7CBC3}.Release|Any CPU.ActiveCfg = Release|Any CPU
		{88CA68F6-24AF-4D76-9FE3-17ADFCE7CBC3}.Release|Any CPU.Build.0 = Release|Any CPU
	EndGlobalSection
	GlobalSection(SolutionProperties) = preSolution
		HideSolutionNode = FALSE
	EndGlobalSection
	GlobalSection(ExtensibilityGlobals) = postSolution
		SolutionGuid = {7CEAE943-9555-4490-BBD7-6C7B2A5669C0}
	EndGlobalSection
EndGlobal
